
Microsoft Visual Studio Solution File, Format Version 12.00
# Visual Studio 15
VisualStudioVersion = 15.0.26430.6
MinimumVisualStudioVersion = 10.0.40219.1
Project("{FAE04EC0-301F-11D3-BF4B-00C04F79EFBC}") = "testerC", "testerC\testerC.csproj", "{30611BA0-A6C0-4788-A4D4-E2B6483279D4}"
EndProject
Project("{FAE04EC0-301F-11D3-BF4B-00C04F79EFBC}") = "tester_server", "tester_server\tester_server.csproj", "{84CE719D-E87C-48B7-BB86-D3E0EB61F57F}"
EndProject
Project("{FAE04EC0-301F-11D3-BF4B-00C04F79EFBC}") = "Tester_server_GUI", "Tester_server_GUI\Tester_server_GUI.csproj", "{FBFEAB10-3678-4B79-8553-5E6E0570E56E}"
EndProject
Global
	GlobalSection(SolutionConfigurationPlatforms) = preSolution
		Debug|Any CPU = Debug|Any CPU
		Release|Any CPU = Release|Any CPU
	EndGlobalSection
	GlobalSection(ProjectConfigurationPlatforms) = postSolution
		{30611BA0-A6C0-4788-A4D4-E2B6483279D4}.Debug|Any CPU.ActiveCfg = Debug|Any CPU
		{30611BA0-A6C0-4788-A4D4-E2B6483279D4}.Debug|Any CPU.Build.0 = Debug|Any CPU
		{30611BA0-A6C0-4788-A4D4-E2B6483279D4}.Release|Any CPU.ActiveCfg = Release|Any CPU
		{30611BA0-A6C0-4788-A4D4-E2B6483279D4}.Release|Any CPU.Build.0 = Release|Any CPU
		{84CE719D-E87C-48B7-BB86-D3E0EB61F57F}.Debug|Any CPU.ActiveCfg = Debug|Any CPU
		{84CE719D-E87C-48B7-BB86-D3E0EB61F57F}.Debug|Any CPU.Build.0 = Debug|Any CPU
		{84CE719D-E87C-48B7-BB86-D3E0EB61F57F}.Release|Any CPU.ActiveCfg = Release|Any CPU
		{84CE719D-E87C-48B7-BB86-D3E0EB61F57F}.Release|Any CPU.Build.0 = Release|Any CPU
		{FBFEAB10-3678-4B79-8553-5E6E0570E56E}.Debug|Any CPU.ActiveCfg = Debug|Any CPU
		{FBFEAB10-3678-4B79-8553-5E6E0570E56E}.Debug|Any CPU.Build.0 = Debug|Any CPU
		{FBFEAB10-3678-4B79-8553-5E6E0570E56E}.Release|Any CPU.ActiveCfg = Release|Any CPU
		{FBFEAB10-3678-4B79-8553-5E6E0570E56E}.Release|Any CPU.Build.0 = Release|Any CPU
	EndGlobalSection
	GlobalSection(SolutionProperties) = preSolution
		HideSolutionNode = FALSE
	EndGlobalSection
	GlobalSection(ExtensibilityGlobals) = postSolution
		SolutionGuid = {E41FBE9F-F17C-4E18-9BFF-5253828F3AFC}
	EndGlobalSection
EndGlobal
